
Microsoft Visual Studio Solution File, Format Version 12.00
Project("{F2A71F9B-5D33-465A-A702-920D77279786}") = "Set_13_solved", "Set_13_solved\Set_13_solved.fsproj", "{2707BCB1-6830-440D-8992-742C31460679}"
EndProject
Project("{2150E333-8FDC-42A3-9474-1A3956D46DE8}") = "Set13", "Set13", "{4FBFAB74-DFCD-406C-A989-FC5A164098AD}"
EndProject
Project("{2150E333-8FDC-42A3-9474-1A3956D46DE8}") = "Set14", "Set14", "{1FD65042-8193-4159-BB99-720E56E4108B}"
EndProject
Project("{F2A71F9B-5D33-465A-A702-920D77279786}") = "Set_14_solved", "Set_14_solved\Set_14_solved.fsproj", "{2FFD8AF9-3475-4A8C-ADD1-699852667C0C}"
EndProject
Project("{2150E333-8FDC-42A3-9474-1A3956D46DE8}") = "Set15", "Set15", "{5A710A38-3FB3-494C-BFD1-0F65351545E4}"
EndProject
Project("{F2A71F9B-5D33-465A-A702-920D77279786}") = "Set_15", "Set_15\Set_15.fsproj", "{5AEFCB8D-C9E5-443B-B751-753A5C496C80}"
EndProject
Project("{2150E333-8FDC-42A3-9474-1A3956D46DE8}") = "Set17", "Set17", "{B25F5442-8753-4514-B7BC-C4373A9959FC}"
EndProject
Project("{F2A71F9B-5D33-465A-A702-920D77279786}") = "Set17", "Set17\Set17.fsproj", "{4D209EB0-0FB1-4F66-AEC5-7D6E70574616}"
EndProject
Project("{2150E333-8FDC-42A3-9474-1A3956D46DE8}") = "Set18", "Set18", "{B5F4B4F2-E5F2-4A9C-94F6-15B5CBCA4976}"
EndProject
Project("{F2A71F9B-5D33-465A-A702-920D77279786}") = "Set18", "Set18\Set18.fsproj", "{01DD2FC3-44C9-47B1-888F-3CB934465CC1}"
EndProject
Project("{2150E333-8FDC-42A3-9474-1A3956D46DE8}") = "Set19", "Set19", "{A9F3F6C5-2A90-408F-828A-147C54A00C47}"
EndProject
Project("{F2A71F9B-5D33-465A-A702-920D77279786}") = "Set19", "Set19\Set19.fsproj", "{FF6C9DC4-E5FB-42EB-A117-B2C9AE18A7E2}"
EndProject
Project("{2150E333-8FDC-42A3-9474-1A3956D46DE8}") = "Set21", "Set21", "{F3022DA4-7F56-4A87-8D55-FD419A4F3B31}"
EndProject
Project("{F2A71F9B-5D33-465A-A702-920D77279786}") = "Set21", "Set21\Set21.fsproj", "{A57F5066-3808-47E7-A353-BE62022EFC84}"
EndProject
Project("{2150E333-8FDC-42A3-9474-1A3956D46DE8}") = "Set20", "Set20", "{95621314-B39B-48EE-9A96-E25459D1304B}"
EndProject
Project("{F2A71F9B-5D33-465A-A702-920D77279786}") = "Set20", "Set20\Set20.fsproj", "{67CBCB8B-4B9D-42F7-9BD9-CECA7134E0D2}"
EndProject
Project("{2150E333-8FDC-42A3-9474-1A3956D46DE8}") = "Fourth_Q_2019", "Fourth_Q_2019", "{493F2FA8-8FD5-40FF-B455-01B2EC51C741}"
EndProject
Project("{F2A71F9B-5D33-465A-A702-920D77279786}") = "Q4", "Q4\Q4.fsproj", "{702AD388-8ADA-4C29-8800-3998824F5757}"
EndProject
Project("{2150E333-8FDC-42A3-9474-1A3956D46DE8}") = "Fourth_Q_2021", "Fourth_Q_2021", "{8BE71C91-ACAF-4B42-836F-CC2A37A653DB}"
EndProject
Project("{F2A71F9B-5D33-465A-A702-920D77279786}") = "Q4_2021", "Q4_2021\Q4_2021.fsproj", "{9756F600-C1E7-4971-B9A9-A2076E924819}"
EndProject
Project("{2150E333-8FDC-42A3-9474-1A3956D46DE8}") = "Set16", "Set16", "{1CE00CE1-02AE-499B-8674-27D4B4C7E925}"
EndProject
Project("{F2A71F9B-5D33-465A-A702-920D77279786}") = "Exam16", "Exam16\Exam16.fsproj", "{A6D0E02D-730E-413D-B711-974608941C93}"
EndProject
Project("{2150E333-8FDC-42A3-9474-1A3956D46DE8}") = "Factorial_Tail_CPS", "Factorial_Tail_CPS", "{9DC2098B-CEE8-4E85-84BD-25CED6055491}"
EndProject
Project("{F2A71F9B-5D33-465A-A702-920D77279786}") = "Tail_CPS", "Tail_CPS\Tail_CPS.fsproj", "{9F662E9C-1ECE-4916-93AA-E1620B85EEEC}"
EndProject
Global
	GlobalSection(SolutionConfigurationPlatforms) = preSolution
		Debug|Any CPU = Debug|Any CPU
		Release|Any CPU = Release|Any CPU
	EndGlobalSection
	GlobalSection(ProjectConfigurationPlatforms) = postSolution
		{2707BCB1-6830-440D-8992-742C31460679}.Debug|Any CPU.ActiveCfg = Debug|Any CPU
		{2707BCB1-6830-440D-8992-742C31460679}.Debug|Any CPU.Build.0 = Debug|Any CPU
		{2707BCB1-6830-440D-8992-742C31460679}.Release|Any CPU.ActiveCfg = Release|Any CPU
		{2707BCB1-6830-440D-8992-742C31460679}.Release|Any CPU.Build.0 = Release|Any CPU
		{2FFD8AF9-3475-4A8C-ADD1-699852667C0C}.Debug|Any CPU.ActiveCfg = Debug|Any CPU
		{2FFD8AF9-3475-4A8C-ADD1-699852667C0C}.Debug|Any CPU.Build.0 = Debug|Any CPU
		{2FFD8AF9-3475-4A8C-ADD1-699852667C0C}.Release|Any CPU.ActiveCfg = Release|Any CPU
		{2FFD8AF9-3475-4A8C-ADD1-699852667C0C}.Release|Any CPU.Build.0 = Release|Any CPU
		{5AEFCB8D-C9E5-443B-B751-753A5C496C80}.Debug|Any CPU.ActiveCfg = Debug|Any CPU
		{5AEFCB8D-C9E5-443B-B751-753A5C496C80}.Debug|Any CPU.Build.0 = Debug|Any CPU
		{5AEFCB8D-C9E5-443B-B751-753A5C496C80}.Release|Any CPU.ActiveCfg = Release|Any CPU
		{5AEFCB8D-C9E5-443B-B751-753A5C496C80}.Release|Any CPU.Build.0 = Release|Any CPU
		{4D209EB0-0FB1-4F66-AEC5-7D6E70574616}.Debug|Any CPU.ActiveCfg = Debug|Any CPU
		{4D209EB0-0FB1-4F66-AEC5-7D6E70574616}.Debug|Any CPU.Build.0 = Debug|Any CPU
		{4D209EB0-0FB1-4F66-AEC5-7D6E70574616}.Release|Any CPU.ActiveCfg = Release|Any CPU
		{4D209EB0-0FB1-4F66-AEC5-7D6E70574616}.Release|Any CPU.Build.0 = Release|Any CPU
		{01DD2FC3-44C9-47B1-888F-3CB934465CC1}.Debug|Any CPU.ActiveCfg = Debug|Any CPU
		{01DD2FC3-44C9-47B1-888F-3CB934465CC1}.Debug|Any CPU.Build.0 = Debug|Any CPU
		{01DD2FC3-44C9-47B1-888F-3CB934465CC1}.Release|Any CPU.ActiveCfg = Release|Any CPU
		{01DD2FC3-44C9-47B1-888F-3CB934465CC1}.Release|Any CPU.Build.0 = Release|Any CPU
		{FF6C9DC4-E5FB-42EB-A117-B2C9AE18A7E2}.Debug|Any CPU.ActiveCfg = Debug|Any CPU
		{FF6C9DC4-E5FB-42EB-A117-B2C9AE18A7E2}.Debug|Any CPU.Build.0 = Debug|Any CPU
		{FF6C9DC4-E5FB-42EB-A117-B2C9AE18A7E2}.Release|Any CPU.ActiveCfg = Release|Any CPU
		{FF6C9DC4-E5FB-42EB-A117-B2C9AE18A7E2}.Release|Any CPU.Build.0 = Release|Any CPU
		{A57F5066-3808-47E7-A353-BE62022EFC84}.Debug|Any CPU.ActiveCfg = Debug|Any CPU
		{A57F5066-3808-47E7-A353-BE62022EFC84}.Debug|Any CPU.Build.0 = Debug|Any CPU
		{A57F5066-3808-47E7-A353-BE62022EFC84}.Release|Any CPU.ActiveCfg = Release|Any CPU
		{A57F5066-3808-47E7-A353-BE62022EFC84}.Release|Any CPU.Build.0 = Release|Any CPU
		{67CBCB8B-4B9D-42F7-9BD9-CECA7134E0D2}.Debug|Any CPU.ActiveCfg = Debug|Any CPU
		{67CBCB8B-4B9D-42F7-9BD9-CECA7134E0D2}.Debug|Any CPU.Build.0 = Debug|Any CPU
		{67CBCB8B-4B9D-42F7-9BD9-CECA7134E0D2}.Release|Any CPU.ActiveCfg = Release|Any CPU
		{67CBCB8B-4B9D-42F7-9BD9-CECA7134E0D2}.Release|Any CPU.Build.0 = Release|Any CPU
		{702AD388-8ADA-4C29-8800-3998824F5757}.Debug|Any CPU.ActiveCfg = Debug|Any CPU
		{702AD388-8ADA-4C29-8800-3998824F5757}.Debug|Any CPU.Build.0 = Debug|Any CPU
		{702AD388-8ADA-4C29-8800-3998824F5757}.Release|Any CPU.ActiveCfg = Release|Any CPU
		{702AD388-8ADA-4C29-8800-3998824F5757}.Release|Any CPU.Build.0 = Release|Any CPU
		{9756F600-C1E7-4971-B9A9-A2076E924819}.Debug|Any CPU.ActiveCfg = Debug|Any CPU
		{9756F600-C1E7-4971-B9A9-A2076E924819}.Debug|Any CPU.Build.0 = Debug|Any CPU
		{9756F600-C1E7-4971-B9A9-A2076E924819}.Release|Any CPU.ActiveCfg = Release|Any CPU
		{9756F600-C1E7-4971-B9A9-A2076E924819}.Release|Any CPU.Build.0 = Release|Any CPU
		{A6D0E02D-730E-413D-B711-974608941C93}.Debug|Any CPU.ActiveCfg = Debug|Any CPU
		{A6D0E02D-730E-413D-B711-974608941C93}.Debug|Any CPU.Build.0 = Debug|Any CPU
		{A6D0E02D-730E-413D-B711-974608941C93}.Release|Any CPU.ActiveCfg = Release|Any CPU
		{A6D0E02D-730E-413D-B711-974608941C93}.Release|Any CPU.Build.0 = Release|Any CPU
		{9F662E9C-1ECE-4916-93AA-E1620B85EEEC}.Debug|Any CPU.ActiveCfg = Debug|Any CPU
		{9F662E9C-1ECE-4916-93AA-E1620B85EEEC}.Debug|Any CPU.Build.0 = Debug|Any CPU
		{9F662E9C-1ECE-4916-93AA-E1620B85EEEC}.Release|Any CPU.ActiveCfg = Release|Any CPU
		{9F662E9C-1ECE-4916-93AA-E1620B85EEEC}.Release|Any CPU.Build.0 = Release|Any CPU
	EndGlobalSection
	GlobalSection(NestedProjects) = preSolution
		{2707BCB1-6830-440D-8992-742C31460679} = {4FBFAB74-DFCD-406C-A989-FC5A164098AD}
		{2FFD8AF9-3475-4A8C-ADD1-699852667C0C} = {1FD65042-8193-4159-BB99-720E56E4108B}
		{5AEFCB8D-C9E5-443B-B751-753A5C496C80} = {5A710A38-3FB3-494C-BFD1-0F65351545E4}
		{4D209EB0-0FB1-4F66-AEC5-7D6E70574616} = {B25F5442-8753-4514-B7BC-C4373A9959FC}
		{01DD2FC3-44C9-47B1-888F-3CB934465CC1} = {B5F4B4F2-E5F2-4A9C-94F6-15B5CBCA4976}
		{FF6C9DC4-E5FB-42EB-A117-B2C9AE18A7E2} = {A9F3F6C5-2A90-408F-828A-147C54A00C47}
		{A57F5066-3808-47E7-A353-BE62022EFC84} = {F3022DA4-7F56-4A87-8D55-FD419A4F3B31}
		{67CBCB8B-4B9D-42F7-9BD9-CECA7134E0D2} = {95621314-B39B-48EE-9A96-E25459D1304B}
		{702AD388-8ADA-4C29-8800-3998824F5757} = {493F2FA8-8FD5-40FF-B455-01B2EC51C741}
		{9756F600-C1E7-4971-B9A9-A2076E924819} = {8BE71C91-ACAF-4B42-836F-CC2A37A653DB}
		{A6D0E02D-730E-413D-B711-974608941C93} = {1CE00CE1-02AE-499B-8674-27D4B4C7E925}
		{9F662E9C-1ECE-4916-93AA-E1620B85EEEC} = {9DC2098B-CEE8-4E85-84BD-25CED6055491}
	EndGlobalSection
EndGlobal
